
Microsoft Visual Studio Solution File, Format Version 12.00
# Visual Studio Version 17
VisualStudioVersion = 17.2.32516.85
MinimumVisualStudioVersion = 10.0.40219.1
Project("{FAE04EC0-301F-11D3-BF4B-00C04F79EFBC}") = "ExercisesJesus", "ExercisesJesus\ExercisesJesus.csproj", "{25F14A58-437D-4B27-AD29-4CBEB5791BD3}"
EndProject
Global
	GlobalSection(SolutionConfigurationPlatforms) = preSolution
		Debug|Any CPU = Debug|Any CPU
		Release|Any CPU = Release|Any CPU
	EndGlobalSection
	GlobalSection(ProjectConfigurationPlatforms) = postSolution
		{25F14A58-437D-4B27-AD29-4CBEB5791BD3}.Debug|Any CPU.ActiveCfg = Debug|Any CPU
		{25F14A58-437D-4B27-AD29-4CBEB5791BD3}.Debug|Any CPU.Build.0 = Debug|Any CPU
		{25F14A58-437D-4B27-AD29-4CBEB5791BD3}.Release|Any CPU.ActiveCfg = Release|Any CPU
		{25F14A58-437D-4B27-AD29-4CBEB5791BD3}.Release|Any CPU.Build.0 = Release|Any CPU
	EndGlobalSection
	GlobalSection(SolutionProperties) = preSolution
		HideSolutionNode = FALSE
	EndGlobalSection
	GlobalSection(ExtensibilityGlobals) = postSolution
		SolutionGuid = {683E3AF6-0C9B-4341-85B6-27603A324F89}
	EndGlobalSection
EndGlobal
